
Microsoft Visual Studio Solution File, Format Version 12.00
Project("{FAE04EC0-301F-11D3-BF4B-00C04F79EFBC}") = "Surreal.NET", "Surreal.NET\Surreal.NET.csproj", "{4376F0D2-91E2-4417-BA23-7C0398C434B1}"
EndProject
Global
	GlobalSection(SolutionConfigurationPlatforms) = preSolution
		Debug|Any CPU = Debug|Any CPU
		Release|Any CPU = Release|Any CPU
	EndGlobalSection
	GlobalSection(ProjectConfigurationPlatforms) = postSolution
		{4376F0D2-91E2-4417-BA23-7C0398C434B1}.Debug|Any CPU.ActiveCfg = Debug|Any CPU
		{4376F0D2-91E2-4417-BA23-7C0398C434B1}.Debug|Any CPU.Build.0 = Debug|Any CPU
		{4376F0D2-91E2-4417-BA23-7C0398C434B1}.Release|Any CPU.ActiveCfg = Release|Any CPU
		{4376F0D2-91E2-4417-BA23-7C0398C434B1}.Release|Any CPU.Build.0 = Release|Any CPU
	EndGlobalSection
EndGlobal
